// !$*UTF8*$!
{
	archiveVersion = 1;
	classes = {
	};
	objectVersion = 55;
	objects = {

/* Begin PBXBuildFile section */
		8CE9DD72DC7F4F399032AD6D /* Pods_SpaceX.framework in Frameworks */ = {isa = PBXBuildFile; fileRef = AF638BBB20885E6EF3DF25D5 /* Pods_SpaceX.framework */; };
		BA19563728A0D68300F00C4E /* AppDelegate.swift in Sources */ = {isa = PBXBuildFile; fileRef = BA19563628A0D68300F00C4E /* AppDelegate.swift */; };
		BA19563928A0D68300F00C4E /* SceneDelegate.swift in Sources */ = {isa = PBXBuildFile; fileRef = BA19563828A0D68300F00C4E /* SceneDelegate.swift */; };
		BA19563B28A0D68300F00C4E /* RocketsViewController.swift in Sources */ = {isa = PBXBuildFile; fileRef = BA19563A28A0D68300F00C4E /* RocketsViewController.swift */; };
		BA19563E28A0D68300F00C4E /* Main.storyboard in Resources */ = {isa = PBXBuildFile; fileRef = BA19563C28A0D68300F00C4E /* Main.storyboard */; };
		BA19564028A0D68600F00C4E /* Assets.xcassets in Resources */ = {isa = PBXBuildFile; fileRef = BA19563F28A0D68600F00C4E /* Assets.xcassets */; };
		BA19564328A0D68600F00C4E /* LaunchScreen.storyboard in Resources */ = {isa = PBXBuildFile; fileRef = BA19564128A0D68600F00C4E /* LaunchScreen.storyboard */; };
		BA19567228A2304300F00C4E /* Constants.swift in Sources */ = {isa = PBXBuildFile; fileRef = BA19567128A2304300F00C4E /* Constants.swift */; };
		BA99EADC28A38C2E00735615 /* RocketData.swift in Sources */ = {isa = PBXBuildFile; fileRef = BA99EADB28A38C2E00735615 /* RocketData.swift */; };
		BA99EB1E28AA661B00735615 /* ApiService.swift in Sources */ = {isa = PBXBuildFile; fileRef = BA99EB1D28AA661B00735615 /* ApiService.swift */; };
		BA99EB2F28AA6BF000735615 /* WebService.swift in Sources */ = {isa = PBXBuildFile; fileRef = BA99EB2E28AA6BF000735615 /* WebService.swift */; };
		BA99EB3828AB636000735615 /* RocketViewCell.swift in Sources */ = {isa = PBXBuildFile; fileRef = BA99EB3628AB636000735615 /* RocketViewCell.swift */; };
		BA99EB3928AB636000735615 /* RocketViewCell.xib in Resources */ = {isa = PBXBuildFile; fileRef = BA99EB3728AB636000735615 /* RocketViewCell.xib */; };
		BA99EB4528AB88FF00735615 /* RocketsViewModel.swift in Sources */ = {isa = PBXBuildFile; fileRef = BA99EB4428AB88FF00735615 /* RocketsViewModel.swift */; };
		BA99EB4828ABAC8200735615 /* DetailsViewController.swift in Sources */ = {isa = PBXBuildFile; fileRef = BA99EB4728ABAC8200735615 /* DetailsViewController.swift */; };
		BA99EB6128AD27CD00735615 /* GoogleService-Info.plist in Resources */ = {isa = PBXBuildFile; fileRef = BA99EB6028AD27CD00735615 /* GoogleService-Info.plist */; };
		BA99EB6328AE040E00735615 /* RegisterViewController.swift in Sources */ = {isa = PBXBuildFile; fileRef = BA99EB6228AE040E00735615 /* RegisterViewController.swift */; };
		BA99EB6528AE0D6200735615 /* WelcomeViewController.swift in Sources */ = {isa = PBXBuildFile; fileRef = BA99EB6428AE0D6200735615 /* WelcomeViewController.swift */; };
		BAC37B2728AE13D300BF136D /* LoginViewController.swift in Sources */ = {isa = PBXBuildFile; fileRef = BAC37B2628AE13D300BF136D /* LoginViewController.swift */; };
/* End PBXBuildFile section */

/* Begin PBXFileReference section */
		6C1194D53415AF1EDD5EC2E1 /* Pods-SpaceX.debug.xcconfig */ = {isa = PBXFileReference; includeInIndex = 1; lastKnownFileType = text.xcconfig; name = "Pods-SpaceX.debug.xcconfig"; path = "Target Support Files/Pods-SpaceX/Pods-SpaceX.debug.xcconfig"; sourceTree = "<group>"; };
		904223821DEC7D0114A6AB4A /* Pods-SpaceX.release.xcconfig */ = {isa = PBXFileReference; includeInIndex = 1; lastKnownFileType = text.xcconfig; name = "Pods-SpaceX.release.xcconfig"; path = "Target Support Files/Pods-SpaceX/Pods-SpaceX.release.xcconfig"; sourceTree = "<group>"; };
		AF638BBB20885E6EF3DF25D5 /* Pods_SpaceX.framework */ = {isa = PBXFileReference; explicitFileType = wrapper.framework; includeInIndex = 0; path = Pods_SpaceX.framework; sourceTree = BUILT_PRODUCTS_DIR; };
		BA19563328A0D68300F00C4E /* SpaceX.app */ = {isa = PBXFileReference; explicitFileType = wrapper.application; includeInIndex = 0; path = SpaceX.app; sourceTree = BUILT_PRODUCTS_DIR; };
		BA19563628A0D68300F00C4E /* AppDelegate.swift */ = {isa = PBXFileReference; lastKnownFileType = sourcecode.swift; path = AppDelegate.swift; sourceTree = "<group>"; };
		BA19563828A0D68300F00C4E /* SceneDelegate.swift */ = {isa = PBXFileReference; lastKnownFileType = sourcecode.swift; path = SceneDelegate.swift; sourceTree = "<group>"; };
		BA19563A28A0D68300F00C4E /* RocketsViewController.swift */ = {isa = PBXFileReference; lastKnownFileType = sourcecode.swift; path = RocketsViewController.swift; sourceTree = "<group>"; };
		BA19563D28A0D68300F00C4E /* Base */ = {isa = PBXFileReference; lastKnownFileType = file.storyboard; name = Base; path = Base.lproj/Main.storyboard; sourceTree = "<group>"; };
		BA19563F28A0D68600F00C4E /* Assets.xcassets */ = {isa = PBXFileReference; lastKnownFileType = folder.assetcatalog; path = Assets.xcassets; sourceTree = "<group>"; };
		BA19564228A0D68600F00C4E /* Base */ = {isa = PBXFileReference; lastKnownFileType = file.storyboard; name = Base; path = Base.lproj/LaunchScreen.storyboard; sourceTree = "<group>"; };
		BA19564428A0D68600F00C4E /* Info.plist */ = {isa = PBXFileReference; lastKnownFileType = text.plist.xml; path = Info.plist; sourceTree = "<group>"; };
		BA19567128A2304300F00C4E /* Constants.swift */ = {isa = PBXFileReference; lastKnownFileType = sourcecode.swift; path = Constants.swift; sourceTree = "<group>"; };
		BA99EADB28A38C2E00735615 /* RocketData.swift */ = {isa = PBXFileReference; lastKnownFileType = sourcecode.swift; path = RocketData.swift; sourceTree = "<group>"; };
		BA99EB1D28AA661B00735615 /* ApiService.swift */ = {isa = PBXFileReference; lastKnownFileType = sourcecode.swift; path = ApiService.swift; sourceTree = "<group>"; };
		BA99EB2E28AA6BF000735615 /* WebService.swift */ = {isa = PBXFileReference; lastKnownFileType = sourcecode.swift; path = WebService.swift; sourceTree = "<group>"; };
		BA99EB3628AB636000735615 /* RocketViewCell.swift */ = {isa = PBXFileReference; lastKnownFileType = sourcecode.swift; path = RocketViewCell.swift; sourceTree = "<group>"; };
		BA99EB3728AB636000735615 /* RocketViewCell.xib */ = {isa = PBXFileReference; lastKnownFileType = file.xib; path = RocketViewCell.xib; sourceTree = "<group>"; };
		BA99EB4428AB88FF00735615 /* RocketsViewModel.swift */ = {isa = PBXFileReference; lastKnownFileType = sourcecode.swift; path = RocketsViewModel.swift; sourceTree = "<group>"; };
		BA99EB4728ABAC8200735615 /* DetailsViewController.swift */ = {isa = PBXFileReference; lastKnownFileType = sourcecode.swift; path = DetailsViewController.swift; sourceTree = "<group>"; };
		BA99EB6028AD27CD00735615 /* GoogleService-Info.plist */ = {isa = PBXFileReference; fileEncoding = 4; lastKnownFileType = text.plist.xml; path = "GoogleService-Info.plist"; sourceTree = "<group>"; };
		BA99EB6228AE040E00735615 /* RegisterViewController.swift */ = {isa = PBXFileReference; lastKnownFileType = sourcecode.swift; path = RegisterViewController.swift; sourceTree = "<group>"; };
		BA99EB6428AE0D6200735615 /* WelcomeViewController.swift */ = {isa = PBXFileReference; lastKnownFileType = sourcecode.swift; path = WelcomeViewController.swift; sourceTree = "<group>"; };
		BAC37B2628AE13D300BF136D /* LoginViewController.swift */ = {isa = PBXFileReference; lastKnownFileType = sourcecode.swift; path = LoginViewController.swift; sourceTree = "<group>"; };
/* End PBXFileReference section */

/* Begin PBXFrameworksBuildPhase section */
		BA19563028A0D68300F00C4E /* Frameworks */ = {
			isa = PBXFrameworksBuildPhase;
			buildActionMask = 2147483647;
			files = (
				8CE9DD72DC7F4F399032AD6D /* Pods_SpaceX.framework in Frameworks */,
			);
			runOnlyForDeploymentPostprocessing = 0;
		};
/* End PBXFrameworksBuildPhase section */

/* Begin PBXGroup section */
		4A90F1DB9D564B1BC3B0799D /* Frameworks */ = {
			isa = PBXGroup;
			children = (
				AF638BBB20885E6EF3DF25D5 /* Pods_SpaceX.framework */,
			);
			name = Frameworks;
			sourceTree = "<group>";
		};
		892BEC64CCD0ABFD9BC1C0AC /* Pods */ = {
			isa = PBXGroup;
			children = (
				6C1194D53415AF1EDD5EC2E1 /* Pods-SpaceX.debug.xcconfig */,
				904223821DEC7D0114A6AB4A /* Pods-SpaceX.release.xcconfig */,
			);
			path = Pods;
			sourceTree = "<group>";
		};
		BA19562A28A0D68200F00C4E = {
			isa = PBXGroup;
			children = (
				BA19563528A0D68300F00C4E /* SpaceX */,
				BA19563428A0D68300F00C4E /* Products */,
				892BEC64CCD0ABFD9BC1C0AC /* Pods */,
				4A90F1DB9D564B1BC3B0799D /* Frameworks */,
			);
			sourceTree = "<group>";
		};
		BA19563428A0D68300F00C4E /* Products */ = {
			isa = PBXGroup;
			children = (
				BA19563328A0D68300F00C4E /* SpaceX.app */,
			);
			name = Products;
			sourceTree = "<group>";
		};
		BA19563528A0D68300F00C4E /* SpaceX */ = {
			isa = PBXGroup;
			children = (
				BA19563628A0D68300F00C4E /* AppDelegate.swift */,
				BA19563828A0D68300F00C4E /* SceneDelegate.swift */,
				BA99EB1F28AA661F00735615 /* Networking */,
				BA19566A28A2277200F00C4E /* Models */,
				BA19564C28A0D72C00F00C4E /* Views */,
				BA19564A28A0D6FC00F00C4E /* Controllers */,
				BA19564B28A0D71B00F00C4E /* Supporting Files */,
				BA19564428A0D68600F00C4E /* Info.plist */,
				BA99EB6028AD27CD00735615 /* GoogleService-Info.plist */,
				BA19567128A2304300F00C4E /* Constants.swift */,
			);
			path = SpaceX;
			sourceTree = "<group>";
		};
		BA19564A28A0D6FC00F00C4E /* Controllers */ = {
			isa = PBXGroup;
			children = (
				BA19563A28A0D68300F00C4E /* RocketsViewController.swift */,
				BA99EB4728ABAC8200735615 /* DetailsViewController.swift */,
				BAC37B2828AE250100BF136D /* Login */,
				BA99EB6428AE0D6200735615 /* WelcomeViewController.swift */,
				BAC37B2628AE13D300BF136D /* LoginViewController.swift */,
				BA99EB6228AE040E00735615 /* RegisterViewController.swift */,
			);
			path = Controllers;
			sourceTree = "<group>";
		};
		BA19564B28A0D71B00F00C4E /* Supporting Files */ = {
			isa = PBXGroup;
			children = (
				BA19563F28A0D68600F00C4E /* Assets.xcassets */,
				BA19564128A0D68600F00C4E /* LaunchScreen.storyboard */,
			);
			path = "Supporting Files";
			sourceTree = "<group>";
		};
		BA19564C28A0D72C00F00C4E /* Views */ = {
			isa = PBXGroup;
			children = (
				BA19563C28A0D68300F00C4E /* Main.storyboard */,
				BA99EB3628AB636000735615 /* RocketViewCell.swift */,
				BA99EB3728AB636000735615 /* RocketViewCell.xib */,
			);
			path = Views;
			sourceTree = "<group>";
		};
		BA19566A28A2277200F00C4E /* Models */ = {
			isa = PBXGroup;
			children = (
				BA99EADB28A38C2E00735615 /* RocketData.swift */,
				BA99EB4428AB88FF00735615 /* RocketsViewModel.swift */,
			);
			path = Models;
			sourceTree = "<group>";
		};
		BA99EB1F28AA661F00735615 /* Networking */ = {
			isa = PBXGroup;
			children = (
				BA99EB1D28AA661B00735615 /* ApiService.swift */,
				BA99EB2E28AA6BF000735615 /* WebService.swift */,
			);
			path = Networking;
			sourceTree = "<group>";
		};
		BAC37B2828AE250100BF136D /* Login */ = {
			isa = PBXGroup;
			children = (
			);
			path = Login;
			sourceTree = "<group>";
		};
/* End PBXGroup section */

/* Begin PBXNativeTarget section */
		BA19563228A0D68300F00C4E /* SpaceX */ = {
			isa = PBXNativeTarget;
			buildConfigurationList = BA19564728A0D68600F00C4E /* Build configuration list for PBXNativeTarget "SpaceX" */;
			buildPhases = (
				8574984B37C30DD6FAD12ECE /* [CP] Check Pods Manifest.lock */,
				BA19562F28A0D68300F00C4E /* Sources */,
				BA19563028A0D68300F00C4E /* Frameworks */,
				BA19563128A0D68300F00C4E /* Resources */,
				7DD71A98DF552CCA7E816D83 /* [CP] Embed Pods Frameworks */,
			);
			buildRules = (
			);
			dependencies = (
			);
			name = SpaceX;
			productName = SpaceX;
			productReference = BA19563328A0D68300F00C4E /* SpaceX.app */;
			productType = "com.apple.product-type.application";
		};
/* End PBXNativeTarget section */

/* Begin PBXProject section */
		BA19562B28A0D68200F00C4E /* Project object */ = {
			isa = PBXProject;
			attributes = {
				BuildIndependentTargetsInParallel = 1;
				LastSwiftUpdateCheck = 1340;
				LastUpgradeCheck = 1340;
				TargetAttributes = {
					BA19563228A0D68300F00C4E = {
						CreatedOnToolsVersion = 13.4.1;
					};
				};
			};
			buildConfigurationList = BA19562E28A0D68200F00C4E /* Build configuration list for PBXProject "SpaceX" */;
			compatibilityVersion = "Xcode 13.0";
			developmentRegion = en;
			hasScannedForEncodings = 0;
			knownRegions = (
				en,
				Base,
			);
			mainGroup = BA19562A28A0D68200F00C4E;
			productRefGroup = BA19563428A0D68300F00C4E /* Products */;
			projectDirPath = "";
			projectRoot = "";
			targets = (
				BA19563228A0D68300F00C4E /* SpaceX */,
			);
		};
/* End PBXProject section */

/* Begin PBXResourcesBuildPhase section */
		BA19563128A0D68300F00C4E /* Resources */ = {
			isa = PBXResourcesBuildPhase;
			buildActionMask = 2147483647;
			files = (
				BA19564328A0D68600F00C4E /* LaunchScreen.storyboard in Resources */,
				BA19564028A0D68600F00C4E /* Assets.xcassets in Resources */,
				BA99EB6128AD27CD00735615 /* GoogleService-Info.plist in Resources */,
				BA99EB3928AB636000735615 /* RocketViewCell.xib in Resources */,
				BA19563E28A0D68300F00C4E /* Main.storyboard in Resources */,
			);
			runOnlyForDeploymentPostprocessing = 0;
		};
/* End PBXResourcesBuildPhase section */

/* Begin PBXShellScriptBuildPhase section */
		7DD71A98DF552CCA7E816D83 /* [CP] Embed Pods Frameworks */ = {
			isa = PBXShellScriptBuildPhase;
			buildActionMask = 2147483647;
			files = (
			);
			inputFileListPaths = (
				"${PODS_ROOT}/Target Support Files/Pods-SpaceX/Pods-SpaceX-frameworks-${CONFIGURATION}-input-files.xcfilelist",
			);
			name = "[CP] Embed Pods Frameworks";
			outputFileListPaths = (
				"${PODS_ROOT}/Target Support Files/Pods-SpaceX/Pods-SpaceX-frameworks-${CONFIGURATION}-output-files.xcfilelist",
			);
			runOnlyForDeploymentPostprocessing = 0;
			shellPath = /bin/sh;
			shellScript = "\"${PODS_ROOT}/Target Support Files/Pods-SpaceX/Pods-SpaceX-frameworks.sh\"\n";
			showEnvVarsInLog = 0;
		};
		8574984B37C30DD6FAD12ECE /* [CP] Check Pods Manifest.lock */ = {
			isa = PBXShellScriptBuildPhase;
			buildActionMask = 2147483647;
			files = (
			);
			inputFileListPaths = (
			);
			inputPaths = (
				"${PODS_PODFILE_DIR_PATH}/Podfile.lock",
				"${PODS_ROOT}/Manifest.lock",
			);
			name = "[CP] Check Pods Manifest.lock";
			outputFileListPaths = (
			);
			outputPaths = (
				"$(DERIVED_FILE_DIR)/Pods-SpaceX-checkManifestLockResult.txt",
			);
			runOnlyForDeploymentPostprocessing = 0;
			shellPath = /bin/sh;
			shellScript = "diff \"${PODS_PODFILE_DIR_PATH}/Podfile.lock\" \"${PODS_ROOT}/Manifest.lock\" > /dev/null\nif [ $? != 0 ] ; then\n    # print error to STDERR\n    echo \"error: The sandbox is not in sync with the Podfile.lock. Run 'pod install' or update your CocoaPods installation.\" >&2\n    exit 1\nfi\n# This output is used by Xcode 'outputs' to avoid re-running this script phase.\necho \"SUCCESS\" > \"${SCRIPT_OUTPUT_FILE_0}\"\n";
			showEnvVarsInLog = 0;
		};
/* End PBXShellScriptBuildPhase section */

/* Begin PBXSourcesBuildPhase section */
		BA19562F28A0D68300F00C4E /* Sources */ = {
			isa = PBXSourcesBuildPhase;
			buildActionMask = 2147483647;
			files = (
				BAC37B2728AE13D300BF136D /* LoginViewController.swift in Sources */,
				BA19563B28A0D68300F00C4E /* RocketsViewController.swift in Sources */,
				BA99EB3828AB636000735615 /* RocketViewCell.swift in Sources */,
				BA19563728A0D68300F00C4E /* AppDelegate.swift in Sources */,
				BA99EB6328AE040E00735615 /* RegisterViewController.swift in Sources */,
				BA99EB1E28AA661B00735615 /* ApiService.swift in Sources */,
				BA99EADC28A38C2E00735615 /* RocketData.swift in Sources */,
				BA99EB6528AE0D6200735615 /* WelcomeViewController.swift in Sources */,
				BA99EB4528AB88FF00735615 /* RocketsViewModel.swift in Sources */,
				BA19563928A0D68300F00C4E /* SceneDelegate.swift in Sources */,
				BA99EB2F28AA6BF000735615 /* WebService.swift in Sources */,
				BA19567228A2304300F00C4E /* Constants.swift in Sources */,
				BA99EB4828ABAC8200735615 /* DetailsViewController.swift in Sources */,
			);
			runOnlyForDeploymentPostprocessing = 0;
		};
/* End PBXSourcesBuildPhase section */

/* Begin PBXVariantGroup section */
		BA19563C28A0D68300F00C4E /* Main.storyboard */ = {
			isa = PBXVariantGroup;
			children = (
				BA19563D28A0D68300F00C4E /* Base */,
			);
			name = Main.storyboard;
			sourceTree = "<group>";
		};
		BA19564128A0D68600F00C4E /* LaunchScreen.storyboard */ = {
			isa = PBXVariantGroup;
			children = (
				BA19564228A0D68600F00C4E /* Base */,
			);
			name = LaunchScreen.storyboard;
			sourceTree = "<group>";
		};
/* End PBXVariantGroup section */

/* Begin XCBuildConfiguration section */
		BA19564528A0D68600F00C4E /* Debug */ = {
			isa = XCBuildConfiguration;
			buildSettings = {
				ALWAYS_SEARCH_USER_PATHS = NO;
				CLANG_ANALYZER_NONNULL = YES;
				CLANG_ANALYZER_NUMBER_OBJECT_CONVERSION = YES_AGGRESSIVE;
				CLANG_CXX_LANGUAGE_STANDARD = "gnu++17";
				CLANG_ENABLE_MODULES = YES;
				CLANG_ENABLE_OBJC_ARC = YES;
				CLANG_ENABLE_OBJC_WEAK = YES;
				CLANG_WARN_BLOCK_CAPTURE_AUTORELEASING = YES;
				CLANG_WARN_BOOL_CONVERSION = YES;
				CLANG_WARN_COMMA = YES;
				CLANG_WARN_CONSTANT_CONVERSION = YES;
				CLANG_WARN_DEPRECATED_OBJC_IMPLEMENTATIONS = YES;
				CLANG_WARN_DIRECT_OBJC_ISA_USAGE = YES_ERROR;
				CLANG_WARN_DOCUMENTATION_COMMENTS = YES;
				CLANG_WARN_EMPTY_BODY = YES;
				CLANG_WARN_ENUM_CONVERSION = YES;
				CLANG_WARN_INFINITE_RECURSION = YES;
				CLANG_WARN_INT_CONVERSION = YES;
				CLANG_WARN_NON_LITERAL_NULL_CONVERSION = YES;
				CLANG_WARN_OBJC_IMPLICIT_RETAIN_SELF = YES;
				CLANG_WARN_OBJC_LITERAL_CONVERSION = YES;
				CLANG_WARN_OBJC_ROOT_CLASS = YES_ERROR;
				CLANG_WARN_QUOTED_INCLUDE_IN_FRAMEWORK_HEADER = YES;
				CLANG_WARN_RANGE_LOOP_ANALYSIS = YES;
				CLANG_WARN_STRICT_PROTOTYPES = YES;
				CLANG_WARN_SUSPICIOUS_MOVE = YES;
				CLANG_WARN_UNGUARDED_AVAILABILITY = YES_AGGRESSIVE;
				CLANG_WARN_UNREACHABLE_CODE = YES;
				CLANG_WARN__DUPLICATE_METHOD_MATCH = YES;
				COPY_PHASE_STRIP = NO;
				DEBUG_INFORMATION_FORMAT = dwarf;
				ENABLE_STRICT_OBJC_MSGSEND = YES;
				ENABLE_TESTABILITY = YES;
				GCC_C_LANGUAGE_STANDARD = gnu11;
				GCC_DYNAMIC_NO_PIC = NO;
				GCC_NO_COMMON_BLOCKS = YES;
				GCC_OPTIMIZATION_LEVEL = 0;
				GCC_PREPROCESSOR_DEFINITIONS = (
					"DEBUG=1",
					"$(inherited)",
				);
				GCC_WARN_64_TO_32_BIT_CONVERSION = YES;
				GCC_WARN_ABOUT_RETURN_TYPE = YES_ERROR;
				GCC_WARN_UNDECLARED_SELECTOR = YES;
				GCC_WARN_UNINITIALIZED_AUTOS = YES_AGGRESSIVE;
				GCC_WARN_UNUSED_FUNCTION = YES;
				GCC_WARN_UNUSED_VARIABLE = YES;
				IPHONEOS_DEPLOYMENT_TARGET = 15.5;
				MTL_ENABLE_DEBUG_INFO = INCLUDE_SOURCE;
				MTL_FAST_MATH = YES;
				ONLY_ACTIVE_ARCH = YES;
				SDKROOT = iphoneos;
				SWIFT_ACTIVE_COMPILATION_CONDITIONS = DEBUG;
				SWIFT_OPTIMIZATION_LEVEL = "-Onone";
			};
			name = Debug;
		};
		BA19564628A0D68600F00C4E /* Release */ = {
			isa = XCBuildConfiguration;
			buildSettings = {
				ALWAYS_SEARCH_USER_PATHS = NO;
				CLANG_ANALYZER_NONNULL = YES;
				CLANG_ANALYZER_NUMBER_OBJECT_CONVERSION = YES_AGGRESSIVE;
				CLANG_CXX_LANGUAGE_STANDARD = "gnu++17";
				CLANG_ENABLE_MODULES = YES;
				CLANG_ENABLE_OBJC_ARC = YES;
				CLANG_ENABLE_OBJC_WEAK = YES;
				CLANG_WARN_BLOCK_CAPTURE_AUTORELEASING = YES;
				CLANG_WARN_BOOL_CONVERSION = YES;
				CLANG_WARN_COMMA = YES;
				CLANG_WARN_CONSTANT_CONVERSION = YES;
				CLANG_WARN_DEPRECATED_OBJC_IMPLEMENTATIONS = YES;
				CLANG_WARN_DIRECT_OBJC_ISA_USAGE = YES_ERROR;
				CLANG_WARN_DOCUMENTATION_COMMENTS = YES;
				CLANG_WARN_EMPTY_BODY = YES;
				CLANG_WARN_ENUM_CONVERSION = YES;
				CLANG_WARN_INFINITE_RECURSION = YES;
				CLANG_WARN_INT_CONVERSION = YES;
				CLANG_WARN_NON_LITERAL_NULL_CONVERSION = YES;
				CLANG_WARN_OBJC_IMPLICIT_RETAIN_SELF = YES;
				CLANG_WARN_OBJC_LITERAL_CONVERSION = YES;
				CLANG_WARN_OBJC_ROOT_CLASS = YES_ERROR;
				CLANG_WARN_QUOTED_INCLUDE_IN_FRAMEWORK_HEADER = YES;
				CLANG_WARN_RANGE_LOOP_ANALYSIS = YES;
				CLANG_WARN_STRICT_PROTOTYPES = YES;
				CLANG_WARN_SUSPICIOUS_MOVE = YES;
				CLANG_WARN_UNGUARDED_AVAILABILITY = YES_AGGRESSIVE;
				CLANG_WARN_UNREACHABLE_CODE = YES;
				CLANG_WARN__DUPLICATE_METHOD_MATCH = YES;
				COPY_PHASE_STRIP = NO;
				DEBUG_INFORMATION_FORMAT = "dwarf-with-dsym";
				ENABLE_NS_ASSERTIONS = NO;
				ENABLE_STRICT_OBJC_MSGSEND = YES;
				GCC_C_LANGUAGE_STANDARD = gnu11;
				GCC_NO_COMMON_BLOCKS = YES;
				GCC_WARN_64_TO_32_BIT_CONVERSION = YES;
				GCC_WARN_ABOUT_RETURN_TYPE = YES_ERROR;
				GCC_WARN_UNDECLARED_SELECTOR = YES;
				GCC_WARN_UNINITIALIZED_AUTOS = YES_AGGRESSIVE;
				GCC_WARN_UNUSED_FUNCTION = YES;
				GCC_WARN_UNUSED_VARIABLE = YES;
				IPHONEOS_DEPLOYMENT_TARGET = 15.5;
				MTL_ENABLE_DEBUG_INFO = NO;
				MTL_FAST_MATH = YES;
				SDKROOT = iphoneos;
				SWIFT_COMPILATION_MODE = wholemodule;
				SWIFT_OPTIMIZATION_LEVEL = "-O";
				VALIDATE_PRODUCT = YES;
			};
			name = Release;
		};
		BA19564828A0D68600F00C4E /* Debug */ = {
			isa = XCBuildConfiguration;
			baseConfigurationReference = 6C1194D53415AF1EDD5EC2E1 /* Pods-SpaceX.debug.xcconfig */;
			buildSettings = {
				ASSETCATALOG_COMPILER_APPICON_NAME = AppIcon;
				ASSETCATALOG_COMPILER_GLOBAL_ACCENT_COLOR_NAME = AccentColor;
				CODE_SIGN_STYLE = Automatic;
				CURRENT_PROJECT_VERSION = 1;
				DEVELOPMENT_TEAM = Z22VRV84BV;
				GENERATE_INFOPLIST_FILE = YES;
				INFOPLIST_FILE = SpaceX/Info.plist;
				INFOPLIST_KEY_UIApplicationSupportsIndirectInputEvents = YES;
				INFOPLIST_KEY_UILaunchStoryboardName = LaunchScreen;
				INFOPLIST_KEY_UIMainStoryboardFile = Main;
				INFOPLIST_KEY_UISupportedInterfaceOrientations_iPad = "UIInterfaceOrientationPortrait UIInterfaceOrientationPortraitUpsideDown UIInterfaceOrientationLandscapeLeft UIInterfaceOrientationLandscapeRight";
				INFOPLIST_KEY_UISupportedInterfaceOrientations_iPhone = "UIInterfaceOrientationPortrait UIInterfaceOrientationLandscapeLeft UIInterfaceOrientationLandscapeRight";
				LD_RUNPATH_SEARCH_PATHS = (
					"$(inherited)",
					"@executable_path/Frameworks",
				);
				MARKETING_VERSION = 1.0;
				PRODUCT_BUNDLE_IDENTIFIER = com.elifbihterkuscu.SpaceX;
				PRODUCT_NAME = "$(TARGET_NAME)";
				SWIFT_EMIT_LOC_STRINGS = YES;
				SWIFT_VERSION = 5.0;
				TARGETED_DEVICE_FAMILY = 1;
			};
			name = Debug;
		};
		BA19564928A0D68600F00C4E /* Release */ = {
			isa = XCBuildConfiguration;
			baseConfigurationReference = 904223821DEC7D0114A6AB4A /* Pods-SpaceX.release.xcconfig */;
			buildSettings = {
				ASSETCATALOG_COMPILER_APPICON_NAME = AppIcon;
				ASSETCATALOG_COMPILER_GLOBAL_ACCENT_COLOR_NAME = AccentColor;
				CODE_SIGN_STYLE = Automatic;
				CURRENT_PROJECT_VERSION = 1;
				DEVELOPMENT_TEAM = Z22VRV84BV;
				GENERATE_INFOPLIST_FILE = YES;
				INFOPLIST_FILE = SpaceX/Info.plist;
				INFOPLIST_KEY_UIApplicationSupportsIndirectInputEvents = YES;
				INFOPLIST_KEY_UILaunchStoryboardName = LaunchScreen;
				INFOPLIST_KEY_UIMainStoryboardFile = Main;
				INFOPLIST_KEY_UISupportedInterfaceOrientations_iPad = "UIInterfaceOrientationPortrait UIInterfaceOrientationPortraitUpsideDown UIInterfaceOrientationLandscapeLeft UIInterfaceOrientationLandscapeRight";
				INFOPLIST_KEY_UISupportedInterfaceOrientations_iPhone = "UIInterfaceOrientationPortrait UIInterfaceOrientationLandscapeLeft UIInterfaceOrientationLandscapeRight";
				LD_RUNPATH_SEARCH_PATHS = (
					"$(inherited)",
					"@executable_path/Frameworks",
				);
				MARKETING_VERSION = 1.0;
				PRODUCT_BUNDLE_IDENTIFIER = com.elifbihterkuscu.SpaceX;
				PRODUCT_NAME = "$(TARGET_NAME)";
				SWIFT_EMIT_LOC_STRINGS = YES;
				SWIFT_VERSION = 5.0;
				TARGETED_DEVICE_FAMILY = 1;
			};
			name = Release;
		};
/* End XCBuildConfiguration section */

/* Begin XCConfigurationList section */
		BA19562E28A0D68200F00C4E /* Build configuration list for PBXProject "SpaceX" */ = {
			isa = XCConfigurationList;
			buildConfigurations = (
				BA19564528A0D68600F00C4E /* Debug */,
				BA19564628A0D68600F00C4E /* Release */,
			);
			defaultConfigurationIsVisible = 0;
			defaultConfigurationName = Release;
		};
		BA19564728A0D68600F00C4E /* Build configuration list for PBXNativeTarget "SpaceX" */ = {
			isa = XCConfigurationList;
			buildConfigurations = (
				BA19564828A0D68600F00C4E /* Debug */,
				BA19564928A0D68600F00C4E /* Release */,
			);
			defaultConfigurationIsVisible = 0;
			defaultConfigurationName = Release;
		};
/* End XCConfigurationList section */
	};
	rootObject = BA19562B28A0D68200F00C4E /* Project object */;
}
